
Microsoft Visual Studio Solution File, Format Version 12.00
# Visual Studio 14
VisualStudioVersion = 14.0.24720.0
MinimumVisualStudioVersion = 10.0.40219.1
Project("{FAE04EC0-301F-11D3-BF4B-00C04F79EFBC}") = "Geolocalizacion.Droid", "Geolocalizacion\Geolocalizacion.Droid\Geolocalizacion.Droid.csproj", "{F6E55A79-1A9E-461F-A7F3-0E224B7571CF}"
EndProject
Project("{FAE04EC0-301F-11D3-BF4B-00C04F79EFBC}") = "Geolocalizacion.iOS", "Geolocalizacion\Geolocalizacion.iOS\Geolocalizacion.iOS.csproj", "{DCA7E7E8-B4EF-4160-BD49-B1534A94F85A}"
EndProject
Project("{FAE04EC0-301F-11D3-BF4B-00C04F79EFBC}") = "Geolocalizacion.WinPhone", "Geolocalizacion\Geolocalizacion.WinPhone\Geolocalizacion.WinPhone.csproj", "{59342481-F7C6-47C3-8B9C-F3B6FAFBF3A0}"
EndProject
Project("{FAE04EC0-301F-11D3-BF4B-00C04F79EFBC}") = "Geolocalizacion", "Geolocalizacion\Geolocalizacion\Geolocalizacion.csproj", "{B01794DC-9748-43EA-A9DC-51B5DA751617}"
EndProject
Global
	GlobalSection(SolutionConfigurationPlatforms) = preSolution
		Ad-Hoc|Any CPU = Ad-Hoc|Any CPU
		Ad-Hoc|ARM = Ad-Hoc|ARM
		Ad-Hoc|iPhone = Ad-Hoc|iPhone
		Ad-Hoc|iPhoneSimulator = Ad-Hoc|iPhoneSimulator
		Ad-Hoc|x86 = Ad-Hoc|x86
		AppStore|Any CPU = AppStore|Any CPU
		AppStore|ARM = AppStore|ARM
		AppStore|iPhone = AppStore|iPhone
		AppStore|iPhoneSimulator = AppStore|iPhoneSimulator
		AppStore|x86 = AppStore|x86
		Debug|Any CPU = Debug|Any CPU
		Debug|ARM = Debug|ARM
		Debug|iPhone = Debug|iPhone
		Debug|iPhoneSimulator = Debug|iPhoneSimulator
		Debug|x86 = Debug|x86
		Release|Any CPU = Release|Any CPU
		Release|ARM = Release|ARM
		Release|iPhone = Release|iPhone
		Release|iPhoneSimulator = Release|iPhoneSimulator
		Release|x86 = Release|x86
	EndGlobalSection
	GlobalSection(ProjectConfigurationPlatforms) = postSolution
		{F6E55A79-1A9E-461F-A7F3-0E224B7571CF}.Ad-Hoc|Any CPU.ActiveCfg = Release|Any CPU
		{F6E55A79-1A9E-461F-A7F3-0E224B7571CF}.Ad-Hoc|Any CPU.Build.0 = Release|Any CPU
		{F6E55A79-1A9E-461F-A7F3-0E224B7571CF}.Ad-Hoc|Any CPU.Deploy.0 = Release|Any CPU
		{F6E55A79-1A9E-461F-A7F3-0E224B7571CF}.Ad-Hoc|ARM.ActiveCfg = Release|Any CPU
		{F6E55A79-1A9E-461F-A7F3-0E224B7571CF}.Ad-Hoc|ARM.Build.0 = Release|Any CPU
		{F6E55A79-1A9E-461F-A7F3-0E224B7571CF}.Ad-Hoc|ARM.Deploy.0 = Release|Any CPU
		{F6E55A79-1A9E-461F-A7F3-0E224B7571CF}.Ad-Hoc|iPhone.ActiveCfg = Release|Any CPU
		{F6E55A79-1A9E-461F-A7F3-0E224B7571CF}.Ad-Hoc|iPhone.Build.0 = Release|Any CPU
		{F6E55A79-1A9E-461F-A7F3-0E224B7571CF}.Ad-Hoc|iPhone.Deploy.0 = Release|Any CPU
		{F6E55A79-1A9E-461F-A7F3-0E224B7571CF}.Ad-Hoc|iPhoneSimulator.ActiveCfg = Release|Any CPU
		{F6E55A79-1A9E-461F-A7F3-0E224B7571CF}.Ad-Hoc|iPhoneSimulator.Build.0 = Release|Any CPU
		{F6E55A79-1A9E-461F-A7F3-0E224B7571CF}.Ad-Hoc|iPhoneSimulator.Deploy.0 = Release|Any CPU
		{F6E55A79-1A9E-461F-A7F3-0E224B7571CF}.Ad-Hoc|x86.ActiveCfg = Release|Any CPU
		{F6E55A79-1A9E-461F-A7F3-0E224B7571CF}.Ad-Hoc|x86.Build.0 = Release|Any CPU
		{F6E55A79-1A9E-461F-A7F3-0E224B7571CF}.Ad-Hoc|x86.Deploy.0 = Release|Any CPU
		{F6E55A79-1A9E-461F-A7F3-0E224B7571CF}.AppStore|Any CPU.ActiveCfg = Release|Any CPU
		{F6E55A79-1A9E-461F-A7F3-0E224B7571CF}.AppStore|Any CPU.Build.0 = Release|Any CPU
		{F6E55A79-1A9E-461F-A7F3-0E224B7571CF}.AppStore|Any CPU.Deploy.0 = Release|Any CPU
		{F6E55A79-1A9E-461F-A7F3-0E224B7571CF}.AppStore|ARM.ActiveCfg = Release|Any CPU
		{F6E55A79-1A9E-461F-A7F3-0E224B7571CF}.AppStore|ARM.Build.0 = Release|Any CPU
		{F6E55A79-1A9E-461F-A7F3-0E224B7571CF}.AppStore|ARM.Deploy.0 = Release|Any CPU
		{F6E55A79-1A9E-461F-A7F3-0E224B7571CF}.AppStore|iPhone.ActiveCfg = Release|Any CPU
		{F6E55A79-1A9E-461F-A7F3-0E224B7571CF}.AppStore|iPhone.Build.0 = Release|Any CPU
		{F6E55A79-1A9E-461F-A7F3-0E224B7571CF}.AppStore|iPhone.Deploy.0 = Release|Any CPU
		{F6E55A79-1A9E-461F-A7F3-0E224B7571CF}.AppStore|iPhoneSimulator.ActiveCfg = Release|Any CPU
		{F6E55A79-1A9E-461F-A7F3-0E224B7571CF}.AppStore|iPhoneSimulator.Build.0 = Release|Any CPU
		{F6E55A79-1A9E-461F-A7F3-0E224B7571CF}.AppStore|iPhoneSimulator.Deploy.0 = Release|Any CPU
		{F6E55A79-1A9E-461F-A7F3-0E224B7571CF}.AppStore|x86.ActiveCfg = Release|Any CPU
		{F6E55A79-1A9E-461F-A7F3-0E224B7571CF}.AppStore|x86.Build.0 = Release|Any CPU
		{F6E55A79-1A9E-461F-A7F3-0E224B7571CF}.AppStore|x86.Deploy.0 = Release|Any CPU
		{F6E55A79-1A9E-461F-A7F3-0E224B7571CF}.Debug|Any CPU.ActiveCfg = Debug|Any CPU
		{F6E55A79-1A9E-461F-A7F3-0E224B7571CF}.Debug|Any CPU.Build.0 = Debug|Any CPU
		{F6E55A79-1A9E-461F-A7F3-0E224B7571CF}.Debug|Any CPU.Deploy.0 = Debug|Any CPU
		{F6E55A79-1A9E-461F-A7F3-0E224B7571CF}.Debug|ARM.ActiveCfg = Debug|Any CPU
		{F6E55A79-1A9E-461F-A7F3-0E224B7571CF}.Debug|ARM.Build.0 = Debug|Any CPU
		{F6E55A79-1A9E-461F-A7F3-0E224B7571CF}.Debug|ARM.Deploy.0 = Debug|Any CPU
		{F6E55A79-1A9E-461F-A7F3-0E224B7571CF}.Debug|iPhone.ActiveCfg = Debug|Any CPU
		{F6E55A79-1A9E-461F-A7F3-0E224B7571CF}.Debug|iPhone.Build.0 = Debug|Any CPU
		{F6E55A79-1A9E-461F-A7F3-0E224B7571CF}.Debug|iPhone.Deploy.0 = Debug|Any CPU
		{F6E55A79-1A9E-461F-A7F3-0E224B7571CF}.Debug|iPhoneSimulator.ActiveCfg = Debug|Any CPU
		{F6E55A79-1A9E-461F-A7F3-0E224B7571CF}.Debug|iPhoneSimulator.Build.0 = Debug|Any CPU
		{F6E55A79-1A9E-461F-A7F3-0E224B7571CF}.Debug|iPhoneSimulator.Deploy.0 = Debug|Any CPU
		{F6E55A79-1A9E-461F-A7F3-0E224B7571CF}.Debug|x86.ActiveCfg = Debug|Any CPU
		{F6E55A79-1A9E-461F-A7F3-0E224B7571CF}.Debug|x86.Build.0 = Debug|Any CPU
		{F6E55A79-1A9E-461F-A7F3-0E224B7571CF}.Debug|x86.Deploy.0 = Debug|Any CPU
		{F6E55A79-1A9E-461F-A7F3-0E224B7571CF}.Release|Any CPU.ActiveCfg = Release|Any CPU
		{F6E55A79-1A9E-461F-A7F3-0E224B7571CF}.Release|Any CPU.Build.0 = Release|Any CPU
		{F6E55A79-1A9E-461F-A7F3-0E224B7571CF}.Release|Any CPU.Deploy.0 = Release|Any CPU
		{F6E55A79-1A9E-461F-A7F3-0E224B7571CF}.Release|ARM.ActiveCfg = Release|Any CPU
		{F6E55A79-1A9E-461F-A7F3-0E224B7571CF}.Release|ARM.Build.0 = Release|Any CPU
		{F6E55A79-1A9E-461F-A7F3-0E224B7571CF}.Release|ARM.Deploy.0 = Release|Any CPU
		{F6E55A79-1A9E-461F-A7F3-0E224B7571CF}.Release|iPhone.ActiveCfg = Release|Any CPU
		{F6E55A79-1A9E-461F-A7F3-0E224B7571CF}.Release|iPhone.Build.0 = Release|Any CPU
		{F6E55A79-1A9E-461F-A7F3-0E224B7571CF}.Release|iPhone.Deploy.0 = Release|Any CPU
		{F6E55A79-1A9E-461F-A7F3-0E224B7571CF}.Release|iPhoneSimulator.ActiveCfg = Release|Any CPU
		{F6E55A79-1A9E-461F-A7F3-0E224B7571CF}.Release|iPhoneSimulator.Build.0 = Release|Any CPU
		{F6E55A79-1A9E-461F-A7F3-0E224B7571CF}.Release|iPhoneSimulator.Deploy.0 = Release|Any CPU
		{F6E55A79-1A9E-461F-A7F3-0E224B7571CF}.Release|x86.ActiveCfg = Release|Any CPU
		{F6E55A79-1A9E-461F-A7F3-0E224B7571CF}.Release|x86.Build.0 = Release|Any CPU
		{F6E55A79-1A9E-461F-A7F3-0E224B7571CF}.Release|x86.Deploy.0 = Release|Any CPU
		{DCA7E7E8-B4EF-4160-BD49-B1534A94F85A}.Ad-Hoc|Any CPU.ActiveCfg = Ad-Hoc|iPhone
		{DCA7E7E8-B4EF-4160-BD49-B1534A94F85A}.Ad-Hoc|ARM.ActiveCfg = Ad-Hoc|iPhone
		{DCA7E7E8-B4EF-4160-BD49-B1534A94F85A}.Ad-Hoc|iPhone.ActiveCfg = Ad-Hoc|iPhone
		{DCA7E7E8-B4EF-4160-BD49-B1534A94F85A}.Ad-Hoc|iPhone.Build.0 = Ad-Hoc|iPhone
		{DCA7E7E8-B4EF-4160-BD49-B1534A94F85A}.Ad-Hoc|iPhoneSimulator.ActiveCfg = Ad-Hoc|iPhoneSimulator
		{DCA7E7E8-B4EF-4160-BD49-B1534A94F85A}.Ad-Hoc|iPhoneSimulator.Build.0 = Ad-Hoc|iPhoneSimulator
		{DCA7E7E8-B4EF-4160-BD49-B1534A94F85A}.Ad-Hoc|x86.ActiveCfg = Ad-Hoc|iPhone
		{DCA7E7E8-B4EF-4160-BD49-B1534A94F85A}.AppStore|Any CPU.ActiveCfg = AppStore|iPhone
		{DCA7E7E8-B4EF-4160-BD49-B1534A94F85A}.AppStore|ARM.ActiveCfg = AppStore|iPhone
		{DCA7E7E8-B4EF-4160-BD49-B1534A94F85A}.AppStore|iPhone.ActiveCfg = AppStore|iPhone
		{DCA7E7E8-B4EF-4160-BD49-B1534A94F85A}.AppStore|iPhone.Build.0 = AppStore|iPhone
		{DCA7E7E8-B4EF-4160-BD49-B1534A94F85A}.AppStore|iPhoneSimulator.ActiveCfg = AppStore|iPhoneSimulator
		{DCA7E7E8-B4EF-4160-BD49-B1534A94F85A}.AppStore|iPhoneSimulator.Build.0 = AppStore|iPhoneSimulator
		{DCA7E7E8-B4EF-4160-BD49-B1534A94F85A}.AppStore|x86.ActiveCfg = AppStore|iPhone
		{DCA7E7E8-B4EF-4160-BD49-B1534A94F85A}.Debug|Any CPU.ActiveCfg = Debug|iPhone
		{DCA7E7E8-B4EF-4160-BD49-B1534A94F85A}.Debug|ARM.ActiveCfg = Debug|iPhone
		{DCA7E7E8-B4EF-4160-BD49-B1534A94F85A}.Debug|iPhone.ActiveCfg = Debug|iPhone
		{DCA7E7E8-B4EF-4160-BD49-B1534A94F85A}.Debug|iPhone.Build.0 = Debug|iPhone
		{DCA7E7E8-B4EF-4160-BD49-B1534A94F85A}.Debug|iPhoneSimulator.ActiveCfg = Debug|iPhoneSimulator
		{DCA7E7E8-B4EF-4160-BD49-B1534A94F85A}.Debug|iPhoneSimulator.Build.0 = Debug|iPhoneSimulator
		{DCA7E7E8-B4EF-4160-BD49-B1534A94F85A}.Debug|x86.ActiveCfg = Debug|iPhone
		{DCA7E7E8-B4EF-4160-BD49-B1534A94F85A}.Release|Any CPU.ActiveCfg = Release|iPhone
		{DCA7E7E8-B4EF-4160-BD49-B1534A94F85A}.Release|ARM.ActiveCfg = Release|iPhone
		{DCA7E7E8-B4EF-4160-BD49-B1534A94F85A}.Release|iPhone.ActiveCfg = Release|iPhone
		{DCA7E7E8-B4EF-4160-BD49-B1534A94F85A}.Release|iPhone.Build.0 = Release|iPhone
		{DCA7E7E8-B4EF-4160-BD49-B1534A94F85A}.Release|iPhoneSimulator.ActiveCfg = Release|iPhoneSimulator
		{DCA7E7E8-B4EF-4160-BD49-B1534A94F85A}.Release|iPhoneSimulator.Build.0 = Release|iPhoneSimulator
		{DCA7E7E8-B4EF-4160-BD49-B1534A94F85A}.Release|x86.ActiveCfg = Release|iPhone
		{59342481-F7C6-47C3-8B9C-F3B6FAFBF3A0}.Ad-Hoc|Any CPU.ActiveCfg = Release|Any CPU
		{59342481-F7C6-47C3-8B9C-F3B6FAFBF3A0}.Ad-Hoc|Any CPU.Build.0 = Release|Any CPU
		{59342481-F7C6-47C3-8B9C-F3B6FAFBF3A0}.Ad-Hoc|Any CPU.Deploy.0 = Release|Any CPU
		{59342481-F7C6-47C3-8B9C-F3B6FAFBF3A0}.Ad-Hoc|ARM.ActiveCfg = Release|ARM
		{59342481-F7C6-47C3-8B9C-F3B6FAFBF3A0}.Ad-Hoc|ARM.Build.0 = Release|ARM
		{59342481-F7C6-47C3-8B9C-F3B6FAFBF3A0}.Ad-Hoc|ARM.Deploy.0 = Release|ARM
		{59342481-F7C6-47C3-8B9C-F3B6FAFBF3A0}.Ad-Hoc|iPhone.ActiveCfg = Release|Any CPU
		{59342481-F7C6-47C3-8B9C-F3B6FAFBF3A0}.Ad-Hoc|iPhone.Build.0 = Release|Any CPU
		{59342481-F7C6-47C3-8B9C-F3B6FAFBF3A0}.Ad-Hoc|iPhone.Deploy.0 = Release|Any CPU
		{59342481-F7C6-47C3-8B9C-F3B6FAFBF3A0}.Ad-Hoc|iPhoneSimulator.ActiveCfg = Release|Any CPU
		{59342481-F7C6-47C3-8B9C-F3B6FAFBF3A0}.Ad-Hoc|iPhoneSimulator.Build.0 = Release|Any CPU
		{59342481-F7C6-47C3-8B9C-F3B6FAFBF3A0}.Ad-Hoc|iPhoneSimulator.Deploy.0 = Release|Any CPU
		{59342481-F7C6-47C3-8B9C-F3B6FAFBF3A0}.Ad-Hoc|x86.ActiveCfg = Release|x86
		{59342481-F7C6-47C3-8B9C-F3B6FAFBF3A0}.Ad-Hoc|x86.Build.0 = Release|x86
		{59342481-F7C6-47C3-8B9C-F3B6FAFBF3A0}.Ad-Hoc|x86.Deploy.0 = Release|x86
		{59342481-F7C6-47C3-8B9C-F3B6FAFBF3A0}.AppStore|Any CPU.ActiveCfg = Release|Any CPU
		{59342481-F7C6-47C3-8B9C-F3B6FAFBF3A0}.AppStore|Any CPU.Build.0 = Release|Any CPU
		{59342481-F7C6-47C3-8B9C-F3B6FAFBF3A0}.AppStore|Any CPU.Deploy.0 = Release|Any CPU
		{59342481-F7C6-47C3-8B9C-F3B6FAFBF3A0}.AppStore|ARM.ActiveCfg = Release|ARM
		{59342481-F7C6-47C3-8B9C-F3B6FAFBF3A0}.AppStore|ARM.Build.0 = Release|ARM
		{59342481-F7C6-47C3-8B9C-F3B6FAFBF3A0}.AppStore|ARM.Deploy.0 = Release|ARM
		{59342481-F7C6-47C3-8B9C-F3B6FAFBF3A0}.AppStore|iPhone.ActiveCfg = Release|Any CPU
		{59342481-F7C6-47C3-8B9C-F3B6FAFBF3A0}.AppStore|iPhone.Build.0 = Release|Any CPU
		{59342481-F7C6-47C3-8B9C-F3B6FAFBF3A0}.AppStore|iPhone.Deploy.0 = Release|Any CPU
		{59342481-F7C6-47C3-8B9C-F3B6FAFBF3A0}.AppStore|iPhoneSimulator.ActiveCfg = Release|Any CPU
		{59342481-F7C6-47C3-8B9C-F3B6FAFBF3A0}.AppStore|iPhoneSimulator.Build.0 = Release|Any CPU
		{59342481-F7C6-47C3-8B9C-F3B6FAFBF3A0}.AppStore|iPhoneSimulator.Deploy.0 = Release|Any CPU
		{59342481-F7C6-47C3-8B9C-F3B6FAFBF3A0}.AppStore|x86.ActiveCfg = Release|x86
		{59342481-F7C6-47C3-8B9C-F3B6FAFBF3A0}.AppStore|x86.Build.0 = Release|x86
		{59342481-F7C6-47C3-8B9C-F3B6FAFBF3A0}.AppStore|x86.Deploy.0 = Release|x86
		{59342481-F7C6-47C3-8B9C-F3B6FAFBF3A0}.Debug|Any CPU.ActiveCfg = Debug|Any CPU
		{59342481-F7C6-47C3-8B9C-F3B6FAFBF3A0}.Debug|Any CPU.Build.0 = Debug|Any CPU
		{59342481-F7C6-47C3-8B9C-F3B6FAFBF3A0}.Debug|Any CPU.Deploy.0 = Debug|Any CPU
		{59342481-F7C6-47C3-8B9C-F3B6FAFBF3A0}.Debug|ARM.ActiveCfg = Debug|ARM
		{59342481-F7C6-47C3-8B9C-F3B6FAFBF3A0}.Debug|ARM.Build.0 = Debug|ARM
		{59342481-F7C6-47C3-8B9C-F3B6FAFBF3A0}.Debug|ARM.Deploy.0 = Debug|ARM
		{59342481-F7C6-47C3-8B9C-F3B6FAFBF3A0}.Debug|iPhone.ActiveCfg = Debug|Any CPU
		{59342481-F7C6-47C3-8B9C-F3B6FAFBF3A0}.Debug|iPhone.Build.0 = Debug|Any CPU
		{59342481-F7C6-47C3-8B9C-F3B6FAFBF3A0}.Debug|iPhone.Deploy.0 = Debug|Any CPU
		{59342481-F7C6-47C3-8B9C-F3B6FAFBF3A0}.Debug|iPhoneSimulator.ActiveCfg = Debug|Any CPU
		{59342481-F7C6-47C3-8B9C-F3B6FAFBF3A0}.Debug|iPhoneSimulator.Build.0 = Debug|Any CPU
		{59342481-F7C6-47C3-8B9C-F3B6FAFBF3A0}.Debug|iPhoneSimulator.Deploy.0 = Debug|Any CPU
		{59342481-F7C6-47C3-8B9C-F3B6FAFBF3A0}.Debug|x86.ActiveCfg = Debug|x86
		{59342481-F7C6-47C3-8B9C-F3B6FAFBF3A0}.Debug|x86.Build.0 = Debug|x86
		{59342481-F7C6-47C3-8B9C-F3B6FAFBF3A0}.Debug|x86.Deploy.0 = Debug|x86
		{59342481-F7C6-47C3-8B9C-F3B6FAFBF3A0}.Release|Any CPU.ActiveCfg = Release|Any CPU
		{59342481-F7C6-47C3-8B9C-F3B6FAFBF3A0}.Release|Any CPU.Build.0 = Release|Any CPU
		{59342481-F7C6-47C3-8B9C-F3B6FAFBF3A0}.Release|Any CPU.Deploy.0 = Release|Any CPU
		{59342481-F7C6-47C3-8B9C-F3B6FAFBF3A0}.Release|ARM.ActiveCfg = Release|ARM
		{59342481-F7C6-47C3-8B9C-F3B6FAFBF3A0}.Release|ARM.Build.0 = Release|ARM
		{59342481-F7C6-47C3-8B9C-F3B6FAFBF3A0}.Release|ARM.Deploy.0 = Release|ARM
		{59342481-F7C6-47C3-8B9C-F3B6FAFBF3A0}.Release|iPhone.ActiveCfg = Release|Any CPU
		{59342481-F7C6-47C3-8B9C-F3B6FAFBF3A0}.Release|iPhone.Build.0 = Release|Any CPU
		{59342481-F7C6-47C3-8B9C-F3B6FAFBF3A0}.Release|iPhone.Deploy.0 = Release|Any CPU
		{59342481-F7C6-47C3-8B9C-F3B6FAFBF3A0}.Release|iPhoneSimulator.ActiveCfg = Release|Any CPU
		{59342481-F7C6-47C3-8B9C-F3B6FAFBF3A0}.Release|iPhoneSimulator.Build.0 = Release|Any CPU
		{59342481-F7C6-47C3-8B9C-F3B6FAFBF3A0}.Release|iPhoneSimulator.Deploy.0 = Release|Any CPU
		{59342481-F7C6-47C3-8B9C-F3B6FAFBF3A0}.Release|x86.ActiveCfg = Release|x86
		{59342481-F7C6-47C3-8B9C-F3B6FAFBF3A0}.Release|x86.Build.0 = Release|x86
		{59342481-F7C6-47C3-8B9C-F3B6FAFBF3A0}.Release|x86.Deploy.0 = Release|x86
		{B01794DC-9748-43EA-A9DC-51B5DA751617}.Ad-Hoc|Any CPU.ActiveCfg = Release|Any CPU
		{B01794DC-9748-43EA-A9DC-51B5DA751617}.Ad-Hoc|Any CPU.Build.0 = Release|Any CPU
		{B01794DC-9748-43EA-A9DC-51B5DA751617}.Ad-Hoc|ARM.ActiveCfg = Release|Any CPU
		{B01794DC-9748-43EA-A9DC-51B5DA751617}.Ad-Hoc|ARM.Build.0 = Release|Any CPU
		{B01794DC-9748-43EA-A9DC-51B5DA751617}.Ad-Hoc|iPhone.ActiveCfg = Release|Any CPU
		{B01794DC-9748-43EA-A9DC-51B5DA751617}.Ad-Hoc|iPhone.Build.0 = Release|Any CPU
		{B01794DC-9748-43EA-A9DC-51B5DA751617}.Ad-Hoc|iPhoneSimulator.ActiveCfg = Release|Any CPU
		{B01794DC-9748-43EA-A9DC-51B5DA751617}.Ad-Hoc|iPhoneSimulator.Build.0 = Release|Any CPU
		{B01794DC-9748-43EA-A9DC-51B5DA751617}.Ad-Hoc|x86.ActiveCfg = Release|Any CPU
		{B01794DC-9748-43EA-A9DC-51B5DA751617}.Ad-Hoc|x86.Build.0 = Release|Any CPU
		{B01794DC-9748-43EA-A9DC-51B5DA751617}.AppStore|Any CPU.ActiveCfg = Release|Any CPU
		{B01794DC-9748-43EA-A9DC-51B5DA751617}.AppStore|Any CPU.Build.0 = Release|Any CPU
		{B01794DC-9748-43EA-A9DC-51B5DA751617}.AppStore|ARM.ActiveCfg = Release|Any CPU
		{B01794DC-9748-43EA-A9DC-51B5DA751617}.AppStore|ARM.Build.0 = Release|Any CPU
		{B01794DC-9748-43EA-A9DC-51B5DA751617}.AppStore|iPhone.ActiveCfg = Release|Any CPU
		{B01794DC-9748-43EA-A9DC-51B5DA751617}.AppStore|iPhone.Build.0 = Release|Any CPU
		{B01794DC-9748-43EA-A9DC-51B5DA751617}.AppStore|iPhoneSimulator.ActiveCfg = Release|Any CPU
		{B01794DC-9748-43EA-A9DC-51B5DA751617}.AppStore|iPhoneSimulator.Build.0 = Release|Any CPU
		{B01794DC-9748-43EA-A9DC-51B5DA751617}.AppStore|x86.ActiveCfg = Release|Any CPU
		{B01794DC-9748-43EA-A9DC-51B5DA751617}.AppStore|x86.Build.0 = Release|Any CPU
		{B01794DC-9748-43EA-A9DC-51B5DA751617}.Debug|Any CPU.ActiveCfg = Debug|Any CPU
		{B01794DC-9748-43EA-A9DC-51B5DA751617}.Debug|Any CPU.Build.0 = Debug|Any CPU
		{B01794DC-9748-43EA-A9DC-51B5DA751617}.Debug|ARM.ActiveCfg = Debug|Any CPU
		{B01794DC-9748-43EA-A9DC-51B5DA751617}.Debug|ARM.Build.0 = Debug|Any CPU
		{B01794DC-9748-43EA-A9DC-51B5DA751617}.Debug|iPhone.ActiveCfg = Debug|Any CPU
		{B01794DC-9748-43EA-A9DC-51B5DA751617}.Debug|iPhone.Build.0 = Debug|Any CPU
		{B01794DC-9748-43EA-A9DC-51B5DA751617}.Debug|iPhoneSimulator.ActiveCfg = Debug|Any CPU
		{B01794DC-9748-43EA-A9DC-51B5DA751617}.Debug|iPhoneSimulator.Build.0 = Debug|Any CPU
		{B01794DC-9748-43EA-A9DC-51B5DA751617}.Debug|x86.ActiveCfg = Debug|Any CPU
		{B01794DC-9748-43EA-A9DC-51B5DA751617}.Debug|x86.Build.0 = Debug|Any CPU
		{B01794DC-9748-43EA-A9DC-51B5DA751617}.Release|Any CPU.ActiveCfg = Release|Any CPU
		{B01794DC-9748-43EA-A9DC-51B5DA751617}.Release|Any CPU.Build.0 = Release|Any CPU
		{B01794DC-9748-43EA-A9DC-51B5DA751617}.Release|ARM.ActiveCfg = Release|Any CPU
		{B01794DC-9748-43EA-A9DC-51B5DA751617}.Release|ARM.Build.0 = Release|Any CPU
		{B01794DC-9748-43EA-A9DC-51B5DA751617}.Release|iPhone.ActiveCfg = Release|Any CPU
		{B01794DC-9748-43EA-A9DC-51B5DA751617}.Release|iPhone.Build.0 = Release|Any CPU
		{B01794DC-9748-43EA-A9DC-51B5DA751617}.Release|iPhoneSimulator.ActiveCfg = Release|Any CPU
		{B01794DC-9748-43EA-A9DC-51B5DA751617}.Release|iPhoneSimulator.Build.0 = Release|Any CPU
		{B01794DC-9748-43EA-A9DC-51B5DA751617}.Release|x86.ActiveCfg = Release|Any CPU
		{B01794DC-9748-43EA-A9DC-51B5DA751617}.Release|x86.Build.0 = Release|Any CPU
	EndGlobalSection
	GlobalSection(SolutionProperties) = preSolution
		HideSolutionNode = FALSE
	EndGlobalSection
EndGlobal
